
Microsoft Visual Studio Solution File, Format Version 11.00
# Visual Studio 2010
Project("{FAE04EC0-301F-11D3-BF4B-00C04F79EFBC}") = "TA Demo Introductory", "WindowsFormsApplication1\TA Demo Introductory.csproj", "{D5DB9019-1775-45AA-AF3B-2391EFA069BE}"
EndProject
Global
	GlobalSection(SolutionConfigurationPlatforms) = preSolution
		Debug|x86 = Debug|x86
		Release|x86 = Release|x86
	EndGlobalSection
	GlobalSection(ProjectConfigurationPlatforms) = postSolution
		{D5DB9019-1775-45AA-AF3B-2391EFA069BE}.Debug|x86.ActiveCfg = Debug|x86
		{D5DB9019-1775-45AA-AF3B-2391EFA069BE}.Debug|x86.Build.0 = Debug|x86
		{D5DB9019-1775-45AA-AF3B-2391EFA069BE}.Release|x86.ActiveCfg = Release|x86
		{D5DB9019-1775-45AA-AF3B-2391EFA069BE}.Release|x86.Build.0 = Release|x86
	EndGlobalSection
	GlobalSection(SolutionProperties) = preSolution
		HideSolutionNode = FALSE
	EndGlobalSection
EndGlobal
